{
  "name": "@allbin/booking-api-client",
  "version": "0.0.3",
  "lockfileVersion": 3,
  "requires": true,
  "packages": {
    "": {
      "name": "@allbin/booking-api-client",
      "version": "0.0.3",
      "license": "ISC",
      "dependencies": {
        "@hey-api/client-fetch": "^0.5.0"
      },
      "devDependencies": {
        "typescript": "^5.6.3"
      }
    },
    "node_modules/@hey-api/client-fetch": {
      "version": "0.5.0",
      "resolved": "https://registry.npmjs.org/@hey-api/client-fetch/-/client-fetch-0.5.0.tgz",
      "integrity": "sha512-dAgsc4ypMuA0tYZL+8Gz5Mpc3OE3+daIO8eCmfRDw2Tjt0G6CoNKIGTRxJQxBGro5m8Z3k2np0MUc8gzE9RIFQ==",
      "funding": {
        "url": "https://github.com/sponsors/hey-api"
      }
    },
    "node_modules/typescript": {
      "version": "5.6.3",
      "resolved": "https://registry.npmjs.org/typescript/-/typescript-5.6.3.tgz",
      "integrity": "sha512-hjcS1mhfuyi4WW8IWtjP7brDrG2cuDZukyrYrSauoXGNgx0S7zceP07adYkJycEr56BOUTNPzbInooiN3fn1qw==",
      "dev": true,
      "bin": {
        "tsc": "bin/tsc",
        "tsserver": "bin/tsserver"
      },
      "engines": {
        "node": ">=14.17"
      }
    }
  }
}
